// !$*UTF8*$!
{
	archiveVersion = 1;
	classes = {
	};
	objectVersion = 56;
	objects = {

/* Begin PBXBuildFile section */
		4D2741A729149FA100FF72CF /* AppDelegate.swift in Sources */ = {isa = PBXBuildFile; fileRef = 4D2741A629149FA100FF72CF /* AppDelegate.swift */; };
		4D2741A929149FA100FF72CF /* SceneDelegate.swift in Sources */ = {isa = PBXBuildFile; fileRef = 4D2741A829149FA100FF72CF /* SceneDelegate.swift */; };
		4D2741AB29149FA100FF72CF /* MainViewController.swift in Sources */ = {isa = PBXBuildFile; fileRef = 4D2741AA29149FA100FF72CF /* MainViewController.swift */; };
		4D2741AE29149FA100FF72CF /* Main.storyboard in Resources */ = {isa = PBXBuildFile; fileRef = 4D2741AC29149FA100FF72CF /* Main.storyboard */; };
		4D2741B029149FA200FF72CF /* Assets.xcassets in Resources */ = {isa = PBXBuildFile; fileRef = 4D2741AF29149FA200FF72CF /* Assets.xcassets */; };
		4D2741B329149FA200FF72CF /* LaunchScreen.storyboard in Resources */ = {isa = PBXBuildFile; fileRef = 4D2741B129149FA200FF72CF /* LaunchScreen.storyboard */; };
		4D2741BC2914A18B00FF72CF /* VideoCaptureTool.swift in Sources */ = {isa = PBXBuildFile; fileRef = 4D2741BB2914A18B00FF72CF /* VideoCaptureTool.swift */; };
		4D2741C32914B60400FF72CF /* yolov5x6.mlmodel in Sources */ = {isa = PBXBuildFile; fileRef = 4D2741C02914B60400FF72CF /* yolov5x6.mlmodel */; };
		4D2741C52914B8B200FF72CF /* Measurements.swift in Sources */ = {isa = PBXBuildFile; fileRef = 4D2741C42914B8B200FF72CF /* Measurements.swift */; };
		4D3E13512919E292002A786C /* UIImage_CVPixelBufferTool.swift in Sources */ = {isa = PBXBuildFile; fileRef = 4D3E13502919E292002A786C /* UIImage_CVPixelBufferTool.swift */; };
		4D3E13532919E38A002A786C /* BoundingBoxDisplayView.swift in Sources */ = {isa = PBXBuildFile; fileRef = 4D3E13522919E38A002A786C /* BoundingBoxDisplayView.swift */; };
/* End PBXBuildFile section */

/* Begin PBXFileReference section */
		4D2741A329149FA100FF72CF /* objDetectorTest.app */ = {isa = PBXFileReference; explicitFileType = wrapper.application; includeInIndex = 0; path = objDetectorTest.app; sourceTree = BUILT_PRODUCTS_DIR; };
		4D2741A629149FA100FF72CF /* AppDelegate.swift */ = {isa = PBXFileReference; lastKnownFileType = sourcecode.swift; path = AppDelegate.swift; sourceTree = "<group>"; };
		4D2741A829149FA100FF72CF /* SceneDelegate.swift */ = {isa = PBXFileReference; lastKnownFileType = sourcecode.swift; path = SceneDelegate.swift; sourceTree = "<group>"; };
		4D2741AA29149FA100FF72CF /* MainViewController.swift */ = {isa = PBXFileReference; lastKnownFileType = sourcecode.swift; path = MainViewController.swift; sourceTree = "<group>"; };
		4D2741AD29149FA100FF72CF /* Base */ = {isa = PBXFileReference; lastKnownFileType = file.storyboard; name = Base; path = Base.lproj/Main.storyboard; sourceTree = "<group>"; };
		4D2741AF29149FA200FF72CF /* Assets.xcassets */ = {isa = PBXFileReference; lastKnownFileType = folder.assetcatalog; path = Assets.xcassets; sourceTree = "<group>"; };
		4D2741B229149FA200FF72CF /* Base */ = {isa = PBXFileReference; lastKnownFileType = file.storyboard; name = Base; path = Base.lproj/LaunchScreen.storyboard; sourceTree = "<group>"; };
		4D2741B429149FA200FF72CF /* Info.plist */ = {isa = PBXFileReference; lastKnownFileType = text.plist.xml; path = Info.plist; sourceTree = "<group>"; };
		4D2741BB2914A18B00FF72CF /* VideoCaptureTool.swift */ = {isa = PBXFileReference; lastKnownFileType = sourcecode.swift; path = VideoCaptureTool.swift; sourceTree = "<group>"; };
		4D2741C02914B60400FF72CF /* yolov5x6.mlmodel */ = {isa = PBXFileReference; lastKnownFileType = file.mlmodel; path = yolov5x6.mlmodel; sourceTree = "<group>"; };
		4D2741C42914B8B200FF72CF /* Measurements.swift */ = {isa = PBXFileReference; lastKnownFileType = sourcecode.swift; path = Measurements.swift; sourceTree = "<group>"; };
		4D3E13502919E292002A786C /* UIImage_CVPixelBufferTool.swift */ = {isa = PBXFileReference; lastKnownFileType = sourcecode.swift; path = UIImage_CVPixelBufferTool.swift; sourceTree = "<group>"; };
		4D3E13522919E38A002A786C /* BoundingBoxDisplayView.swift */ = {isa = PBXFileReference; lastKnownFileType = sourcecode.swift; path = BoundingBoxDisplayView.swift; sourceTree = "<group>"; };
/* End PBXFileReference section */

/* Begin PBXFrameworksBuildPhase section */
		4D2741A029149FA100FF72CF /* Frameworks */ = {
			isa = PBXFrameworksBuildPhase;
			buildActionMask = 2147483647;
			files = (
			);
			runOnlyForDeploymentPostprocessing = 0;
		};
/* End PBXFrameworksBuildPhase section */

/* Begin PBXGroup section */
		4D27419A29149FA100FF72CF = {
			isa = PBXGroup;
			children = (
				4D2741A529149FA100FF72CF /* objDetectorTest */,
				4D2741A429149FA100FF72CF /* Products */,
			);
			sourceTree = "<group>";
		};
		4D2741A429149FA100FF72CF /* Products */ = {
			isa = PBXGroup;
			children = (
				4D2741A329149FA100FF72CF /* objDetectorTest.app */,
			);
			name = Products;
			sourceTree = "<group>";
		};
		4D2741A529149FA100FF72CF /* objDetectorTest */ = {
			isa = PBXGroup;
			children = (
				4D2741BD2914B5BB00FF72CF /* AIModels */,
				4D2741BA2914A17800FF72CF /* Utilities */,
				4D2741A629149FA100FF72CF /* AppDelegate.swift */,
				4D2741A829149FA100FF72CF /* SceneDelegate.swift */,
				4D2741AA29149FA100FF72CF /* MainViewController.swift */,
				4D3E13522919E38A002A786C /* BoundingBoxDisplayView.swift */,
				4D2741AC29149FA100FF72CF /* Main.storyboard */,
				4D2741AF29149FA200FF72CF /* Assets.xcassets */,
				4D2741B129149FA200FF72CF /* LaunchScreen.storyboard */,
				4D2741B429149FA200FF72CF /* Info.plist */,
			);
			path = objDetectorTest;
			sourceTree = "<group>";
		};
		4D2741BA2914A17800FF72CF /* Utilities */ = {
			isa = PBXGroup;
			children = (
				4D2741BB2914A18B00FF72CF /* VideoCaptureTool.swift */,
				4D2741C42914B8B200FF72CF /* Measurements.swift */,
				4D3E13502919E292002A786C /* UIImage_CVPixelBufferTool.swift */,
			);
			path = Utilities;
			sourceTree = "<group>";
		};
		4D2741BD2914B5BB00FF72CF /* AIModels */ = {
			isa = PBXGroup;
			children = (
				4D2741C02914B60400FF72CF /* yolov5x6.mlmodel */,
			);
			path = AIModels;
			sourceTree = "<group>";
		};
/* End PBXGroup section */

/* Begin PBXNativeTarget section */
		4D2741A229149FA100FF72CF /* objDetectorTest */ = {
			isa = PBXNativeTarget;
			buildConfigurationList = 4D2741B729149FA200FF72CF /* Build configuration list for PBXNativeTarget "objDetectorTest" */;
			buildPhases = (
				4D27419F29149FA100FF72CF /* Sources */,
				4D2741A029149FA100FF72CF /* Frameworks */,
				4D2741A129149FA100FF72CF /* Resources */,
			);
			buildRules = (
			);
			dependencies = (
			);
			name = objDetectorTest;
			productName = objDetectorTest;
			productReference = 4D2741A329149FA100FF72CF /* objDetectorTest.app */;
			productType = "com.apple.product-type.application";
		};
/* End PBXNativeTarget section */

/* Begin PBXProject section */
		4D27419B29149FA100FF72CF /* Project object */ = {
			isa = PBXProject;
			attributes = {
				BuildIndependentTargetsInParallel = 1;
				LastSwiftUpdateCheck = 1410;
				LastUpgradeCheck = 1410;
				ORGANIZATIONNAME = IntelligentATLAS;
				TargetAttributes = {
					4D2741A229149FA100FF72CF = {
						CreatedOnToolsVersion = 14.1;
					};
				};
			};
			buildConfigurationList = 4D27419E29149FA100FF72CF /* Build configuration list for PBXProject "objDetectorTest" */;
			compatibilityVersion = "Xcode 14.0";
			developmentRegion = en;
			hasScannedForEncodings = 0;
			knownRegions = (
				en,
				Base,
			);
			mainGroup = 4D27419A29149FA100FF72CF;
			productRefGroup = 4D2741A429149FA100FF72CF /* Products */;
			projectDirPath = "";
			projectRoot = "";
			targets = (
				4D2741A229149FA100FF72CF /* objDetectorTest */,
			);
		};
/* End PBXProject section */

/* Begin PBXResourcesBuildPhase section */
		4D2741A129149FA100FF72CF /* Resources */ = {
			isa = PBXResourcesBuildPhase;
			buildActionMask = 2147483647;
			files = (
				4D2741B329149FA200FF72CF /* LaunchScreen.storyboard in Resources */,
				4D2741B029149FA200FF72CF /* Assets.xcassets in Resources */,
				4D2741AE29149FA100FF72CF /* Main.storyboard in Resources */,
			);
			runOnlyForDeploymentPostprocessing = 0;
		};
/* End PBXResourcesBuildPhase section */

/* Begin PBXSourcesBuildPhase section */
		4D27419F29149FA100FF72CF /* Sources */ = {
			isa = PBXSourcesBuildPhase;
			buildActionMask = 2147483647;
			files = (
				4D2741C32914B60400FF72CF /* yolov5x6.mlmodel in Sources */,
				4D2741AB29149FA100FF72CF /* MainViewController.swift in Sources */,
				4D3E13512919E292002A786C /* UIImage_CVPixelBufferTool.swift in Sources */,
				4D2741A729149FA100FF72CF /* AppDelegate.swift in Sources */,
				4D2741BC2914A18B00FF72CF /* VideoCaptureTool.swift in Sources */,
				4D3E13532919E38A002A786C /* BoundingBoxDisplayView.swift in Sources */,
				4D2741A929149FA100FF72CF /* SceneDelegate.swift in Sources */,
				4D2741C52914B8B200FF72CF /* Measurements.swift in Sources */,
			);
			runOnlyForDeploymentPostprocessing = 0;
		};
/* End PBXSourcesBuildPhase section */

/* Begin PBXVariantGroup section */
		4D2741AC29149FA100FF72CF /* Main.storyboard */ = {
			isa = PBXVariantGroup;
			children = (
				4D2741AD29149FA100FF72CF /* Base */,
			);
			name = Main.storyboard;
			sourceTree = "<group>";
		};
		4D2741B129149FA200FF72CF /* LaunchScreen.storyboard */ = {
			isa = PBXVariantGroup;
			children = (
				4D2741B229149FA200FF72CF /* Base */,
			);
			name = LaunchScreen.storyboard;
			sourceTree = "<group>";
		};
/* End PBXVariantGroup section */

/* Begin XCBuildConfiguration section */
		4D2741B529149FA200FF72CF /* Debug */ = {
			isa = XCBuildConfiguration;
			buildSettings = {
				ALWAYS_SEARCH_USER_PATHS = NO;
				CLANG_ANALYZER_NONNULL = YES;
				CLANG_ANALYZER_NUMBER_OBJECT_CONVERSION = YES_AGGRESSIVE;
				CLANG_CXX_LANGUAGE_STANDARD = "gnu++20";
				CLANG_ENABLE_MODULES = YES;
				CLANG_ENABLE_OBJC_ARC = YES;
				CLANG_ENABLE_OBJC_WEAK = YES;
				CLANG_WARN_BLOCK_CAPTURE_AUTORELEASING = YES;
				CLANG_WARN_BOOL_CONVERSION = YES;
				CLANG_WARN_COMMA = YES;
				CLANG_WARN_CONSTANT_CONVERSION = YES;
				CLANG_WARN_DEPRECATED_OBJC_IMPLEMENTATIONS = YES;
				CLANG_WARN_DIRECT_OBJC_ISA_USAGE = YES_ERROR;
				CLANG_WARN_DOCUMENTATION_COMMENTS = YES;
				CLANG_WARN_EMPTY_BODY = YES;
				CLANG_WARN_ENUM_CONVERSION = YES;
				CLANG_WARN_INFINITE_RECURSION = YES;
				CLANG_WARN_INT_CONVERSION = YES;
				CLANG_WARN_NON_LITERAL_NULL_CONVERSION = YES;
				CLANG_WARN_OBJC_IMPLICIT_RETAIN_SELF = YES;
				CLANG_WARN_OBJC_LITERAL_CONVERSION = YES;
				CLANG_WARN_OBJC_ROOT_CLASS = YES_ERROR;
				CLANG_WARN_QUOTED_INCLUDE_IN_FRAMEWORK_HEADER = YES;
				CLANG_WARN_RANGE_LOOP_ANALYSIS = YES;
				CLANG_WARN_STRICT_PROTOTYPES = YES;
				CLANG_WARN_SUSPICIOUS_MOVE = YES;
				CLANG_WARN_UNGUARDED_AVAILABILITY = YES_AGGRESSIVE;
				CLANG_WARN_UNREACHABLE_CODE = YES;
				CLANG_WARN__DUPLICATE_METHOD_MATCH = YES;
				COPY_PHASE_STRIP = NO;
				DEBUG_INFORMATION_FORMAT = dwarf;
				ENABLE_STRICT_OBJC_MSGSEND = YES;
				ENABLE_TESTABILITY = YES;
				GCC_C_LANGUAGE_STANDARD = gnu11;
				GCC_DYNAMIC_NO_PIC = NO;
				GCC_NO_COMMON_BLOCKS = YES;
				GCC_OPTIMIZATION_LEVEL = 0;
				GCC_PREPROCESSOR_DEFINITIONS = (
					"DEBUG=1",
					"$(inherited)",
				);
				GCC_WARN_64_TO_32_BIT_CONVERSION = YES;
				GCC_WARN_ABOUT_RETURN_TYPE = YES_ERROR;
				GCC_WARN_UNDECLARED_SELECTOR = YES;
				GCC_WARN_UNINITIALIZED_AUTOS = YES_AGGRESSIVE;
				GCC_WARN_UNUSED_FUNCTION = YES;
				GCC_WARN_UNUSED_VARIABLE = YES;
				IPHONEOS_DEPLOYMENT_TARGET = 16.1;
				MTL_ENABLE_DEBUG_INFO = INCLUDE_SOURCE;
				MTL_FAST_MATH = YES;
				ONLY_ACTIVE_ARCH = YES;
				SDKROOT = iphoneos;
				SWIFT_ACTIVE_COMPILATION_CONDITIONS = DEBUG;
				SWIFT_OPTIMIZATION_LEVEL = "-Onone";
			};
			name = Debug;
		};
		4D2741B629149FA200FF72CF /* Release */ = {
			isa = XCBuildConfiguration;
			buildSettings = {
				ALWAYS_SEARCH_USER_PATHS = NO;
				CLANG_ANALYZER_NONNULL = YES;
				CLANG_ANALYZER_NUMBER_OBJECT_CONVERSION = YES_AGGRESSIVE;
				CLANG_CXX_LANGUAGE_STANDARD = "gnu++20";
				CLANG_ENABLE_MODULES = YES;
				CLANG_ENABLE_OBJC_ARC = YES;
				CLANG_ENABLE_OBJC_WEAK = YES;
				CLANG_WARN_BLOCK_CAPTURE_AUTORELEASING = YES;
				CLANG_WARN_BOOL_CONVERSION = YES;
				CLANG_WARN_COMMA = YES;
				CLANG_WARN_CONSTANT_CONVERSION = YES;
				CLANG_WARN_DEPRECATED_OBJC_IMPLEMENTATIONS = YES;
				CLANG_WARN_DIRECT_OBJC_ISA_USAGE = YES_ERROR;
				CLANG_WARN_DOCUMENTATION_COMMENTS = YES;
				CLANG_WARN_EMPTY_BODY = YES;
				CLANG_WARN_ENUM_CONVERSION = YES;
				CLANG_WARN_INFINITE_RECURSION = YES;
				CLANG_WARN_INT_CONVERSION = YES;
				CLANG_WARN_NON_LITERAL_NULL_CONVERSION = YES;
				CLANG_WARN_OBJC_IMPLICIT_RETAIN_SELF = YES;
				CLANG_WARN_OBJC_LITERAL_CONVERSION = YES;
				CLANG_WARN_OBJC_ROOT_CLASS = YES_ERROR;
				CLANG_WARN_QUOTED_INCLUDE_IN_FRAMEWORK_HEADER = YES;
				CLANG_WARN_RANGE_LOOP_ANALYSIS = YES;
				CLANG_WARN_STRICT_PROTOTYPES = YES;
				CLANG_WARN_SUSPICIOUS_MOVE = YES;
				CLANG_WARN_UNGUARDED_AVAILABILITY = YES_AGGRESSIVE;
				CLANG_WARN_UNREACHABLE_CODE = YES;
				CLANG_WARN__DUPLICATE_METHOD_MATCH = YES;
				COPY_PHASE_STRIP = NO;
				DEBUG_INFORMATION_FORMAT = "dwarf-with-dsym";
				ENABLE_NS_ASSERTIONS = NO;
				ENABLE_STRICT_OBJC_MSGSEND = YES;
				GCC_C_LANGUAGE_STANDARD = gnu11;
				GCC_NO_COMMON_BLOCKS = YES;
				GCC_WARN_64_TO_32_BIT_CONVERSION = YES;
				GCC_WARN_ABOUT_RETURN_TYPE = YES_ERROR;
				GCC_WARN_UNDECLARED_SELECTOR = YES;
				GCC_WARN_UNINITIALIZED_AUTOS = YES_AGGRESSIVE;
				GCC_WARN_UNUSED_FUNCTION = YES;
				GCC_WARN_UNUSED_VARIABLE = YES;
				IPHONEOS_DEPLOYMENT_TARGET = 16.1;
				MTL_ENABLE_DEBUG_INFO = NO;
				MTL_FAST_MATH = YES;
				SDKROOT = iphoneos;
				SWIFT_COMPILATION_MODE = wholemodule;
				SWIFT_OPTIMIZATION_LEVEL = "-O";
				VALIDATE_PRODUCT = YES;
			};
			name = Release;
		};
		4D2741B829149FA200FF72CF /* Debug */ = {
			isa = XCBuildConfiguration;
			buildSettings = {
				ASSETCATALOG_COMPILER_APPICON_NAME = AppIcon;
				ASSETCATALOG_COMPILER_GLOBAL_ACCENT_COLOR_NAME = AccentColor;
				CODE_SIGN_STYLE = Automatic;
				CURRENT_PROJECT_VERSION = 1;
				DEVELOPMENT_TEAM = 5C2G42PP37;
				GENERATE_INFOPLIST_FILE = YES;
				INFOPLIST_FILE = objDetectorTest/Info.plist;
				INFOPLIST_KEY_UIApplicationSupportsIndirectInputEvents = YES;
				INFOPLIST_KEY_UILaunchStoryboardName = LaunchScreen;
				INFOPLIST_KEY_UIMainStoryboardFile = Main;
				INFOPLIST_KEY_UISupportedInterfaceOrientations_iPad = "UIInterfaceOrientationPortrait UIInterfaceOrientationPortraitUpsideDown UIInterfaceOrientationLandscapeLeft UIInterfaceOrientationLandscapeRight";
				INFOPLIST_KEY_UISupportedInterfaceOrientations_iPhone = "UIInterfaceOrientationPortrait UIInterfaceOrientationLandscapeLeft UIInterfaceOrientationLandscapeRight";
				LD_RUNPATH_SEARCH_PATHS = (
					"$(inherited)",
					"@executable_path/Frameworks",
				);
				MARKETING_VERSION = 1.0;
				PRODUCT_BUNDLE_IDENTIFIER = IntelligentATLAS.objDetectorTest;
				PRODUCT_NAME = "$(TARGET_NAME)";
				SWIFT_EMIT_LOC_STRINGS = YES;
				SWIFT_VERSION = 5.0;
				TARGETED_DEVICE_FAMILY = "1,2";
			};
			name = Debug;
		};
		4D2741B929149FA200FF72CF /* Release */ = {
			isa = XCBuildConfiguration;
			buildSettings = {
				ASSETCATALOG_COMPILER_APPICON_NAME = AppIcon;
				ASSETCATALOG_COMPILER_GLOBAL_ACCENT_COLOR_NAME = AccentColor;
				CODE_SIGN_STYLE = Automatic;
				CURRENT_PROJECT_VERSION = 1;
				DEVELOPMENT_TEAM = 5C2G42PP37;
				GENERATE_INFOPLIST_FILE = YES;
				INFOPLIST_FILE = objDetectorTest/Info.plist;
				INFOPLIST_KEY_UIApplicationSupportsIndirectInputEvents = YES;
				INFOPLIST_KEY_UILaunchStoryboardName = LaunchScreen;
				INFOPLIST_KEY_UIMainStoryboardFile = Main;
				INFOPLIST_KEY_UISupportedInterfaceOrientations_iPad = "UIInterfaceOrientationPortrait UIInterfaceOrientationPortraitUpsideDown UIInterfaceOrientationLandscapeLeft UIInterfaceOrientationLandscapeRight";
				INFOPLIST_KEY_UISupportedInterfaceOrientations_iPhone = "UIInterfaceOrientationPortrait UIInterfaceOrientationLandscapeLeft UIInterfaceOrientationLandscapeRight";
				LD_RUNPATH_SEARCH_PATHS = (
					"$(inherited)",
					"@executable_path/Frameworks",
				);
				MARKETING_VERSION = 1.0;
				PRODUCT_BUNDLE_IDENTIFIER = IntelligentATLAS.objDetectorTest;
				PRODUCT_NAME = "$(TARGET_NAME)";
				SWIFT_EMIT_LOC_STRINGS = YES;
				SWIFT_VERSION = 5.0;
				TARGETED_DEVICE_FAMILY = "1,2";
			};
			name = Release;
		};
/* End XCBuildConfiguration section */

/* Begin XCConfigurationList section */
		4D27419E29149FA100FF72CF /* Build configuration list for PBXProject "objDetectorTest" */ = {
			isa = XCConfigurationList;
			buildConfigurations = (
				4D2741B529149FA200FF72CF /* Debug */,
				4D2741B629149FA200FF72CF /* Release */,
			);
			defaultConfigurationIsVisible = 0;
			defaultConfigurationName = Release;
		};
		4D2741B729149FA200FF72CF /* Build configuration list for PBXNativeTarget "objDetectorTest" */ = {
			isa = XCConfigurationList;
			buildConfigurations = (
				4D2741B829149FA200FF72CF /* Debug */,
				4D2741B929149FA200FF72CF /* Release */,
			);
			defaultConfigurationIsVisible = 0;
			defaultConfigurationName = Release;
		};
/* End XCConfigurationList section */
	};
	rootObject = 4D27419B29149FA100FF72CF /* Project object */;
}
